// !$*UTF8*$!
{
	archiveVersion = 1;
	classes = {
	};
	objectVersion = 77;
	objects = {

/* Begin PBXBuildFile section */
		060243503C2DD36E80D5A789 /* SettingsWindowController.swift in Sources */ = {isa = PBXBuildFile; fileRef = 35DD577AFAECD04B6D8FFFF1 /* SettingsWindowController.swift */; };
		14BCDF277134C8485311B805 /* ResultAction.swift in Sources */ = {isa = PBXBuildFile; fileRef = 6CA653F83D3E869E19B6D8A4 /* ResultAction.swift */; };
		1B7550F57ECBE89E5BA2461F /* SearchCoordinator.swift in Sources */ = {isa = PBXBuildFile; fileRef = 6C9E350581969D68939844D5 /* SearchCoordinator.swift */; };
		1DF55FEEE6CC7C9065993958 /* AppDelegate.swift in Sources */ = {isa = PBXBuildFile; fileRef = 86E36BE7A2E65491D244275E /* AppDelegate.swift */; };
		229A93FC6B7F277D897FC626 /* IconRepository.swift in Sources */ = {isa = PBXBuildFile; fileRef = 286333142453EF3711D23856 /* IconRepository.swift */; };
		22E0AC9F5832810105103E7D /* HotKeyController.swift in Sources */ = {isa = PBXBuildFile; fileRef = CB210C1855E58396A6FDF0A9 /* HotKeyController.swift */; };
		2337AA644ABB9F9CCE41BC70 /* FileProvider.swift in Sources */ = {isa = PBXBuildFile; fileRef = 67EC9DD79CC9051ED1378B84 /* FileProvider.swift */; };
		2367A7AAE955C5597629A170 /* AppSettings.swift in Sources */ = {isa = PBXBuildFile; fileRef = 7144B508EB6950B011063FEE /* AppSettings.swift */; };
		246B0EC59F31CCB8A5D4A47F /* ApplicationIndex.swift in Sources */ = {isa = PBXBuildFile; fileRef = 35511875B57ACF0B7B8FF284 /* ApplicationIndex.swift */; };
		2504CF2A625BB20A110284AA /* DefaultWebSearches.json in Resources */ = {isa = PBXBuildFile; fileRef = F0CD428160E06481A5972D00 /* DefaultWebSearches.json */; };
		2D7A4CB04E14C40FF362573F /* AppController.swift in Sources */ = {isa = PBXBuildFile; fileRef = 4BD2694A86F1D604DEF5CAF5 /* AppController.swift */; };
		31A6A33510EE16690689D3D3 /* WebSearchRegistry.swift in Sources */ = {isa = PBXBuildFile; fileRef = D411C4CCAE7D64780E9253BE /* WebSearchRegistry.swift */; };
		3A1909891391E26E4FE3261D /* UnitConverter.swift in Sources */ = {isa = PBXBuildFile; fileRef = F4FFC3B9741C2CF273F9E817 /* UnitConverter.swift */; };
		3BAEF56EEFF430AB74B6DBA7 /* CalculatorProvider.swift in Sources */ = {isa = PBXBuildFile; fileRef = A4BDD9486D02F82D1B2120EE /* CalculatorProvider.swift */; };
		3E5E52D1861D5B389BC50DDF /* DatabaseStore.swift in Sources */ = {isa = PBXBuildFile; fileRef = C218ACC188BD83909E892429 /* DatabaseStore.swift */; };
		4147E8221440B878A2B2D2B9 /* Main.swift in Sources */ = {isa = PBXBuildFile; fileRef = 8F942D18A1AF1F6EC4F0BAD9 /* Main.swift */; };
		423C972BD7C69980257CF952 /* QueryParserTests.swift in Sources */ = {isa = PBXBuildFile; fileRef = EEF1BAC9AE33FBC24A215C69 /* QueryParserTests.swift */; };
		45ED29F88E0F309C7A24EF75 /* FuzzyMatcher.swift in Sources */ = {isa = PBXBuildFile; fileRef = 6366DEB3A76A69350C5D1E7D /* FuzzyMatcher.swift */; };
		46CD2927C05300C1A87B0F3A /* PennyworthUITests.swift in Sources */ = {isa = PBXBuildFile; fileRef = 94CE3E09599851ADDF188C53 /* PennyworthUITests.swift */; };
		47943745A734616D834C1D97 /* PennyworthWindowController.swift in Sources */ = {isa = PBXBuildFile; fileRef = 4B528F1D7CB652825AF7F541 /* PennyworthWindowController.swift */; };
		4E7D4C34E2F21F45516F7878 /* WebProvider.swift in Sources */ = {isa = PBXBuildFile; fileRef = DED8B58F2898CA64F1CF8297 /* WebProvider.swift */; };
		518FC236C6173666431B4598 /* StatusItemController.swift in Sources */ = {isa = PBXBuildFile; fileRef = 2067D1E86532D46BA9B3A58D /* StatusItemController.swift */; };
		55BBF9761FF06BA426DFD440 /* RankingEngine.swift in Sources */ = {isa = PBXBuildFile; fileRef = D2858531EBF2C408D49160C9 /* RankingEngine.swift */; };
		582C5FD77DFB12117150E1E0 /* Assets.xcassets in Resources */ = {isa = PBXBuildFile; fileRef = 91DD9C5EF74E7A605A402187 /* Assets.xcassets */; };
		59D37A211FF5CD8A29AB62E8 /* QuickLookController.swift in Sources */ = {isa = PBXBuildFile; fileRef = 471F644A4CA965C3B6C814D5 /* QuickLookController.swift */; };
		5DC7A8C0E0F16ED7FD4F7E3B /* RankingTests.swift in Sources */ = {isa = PBXBuildFile; fileRef = 2E9E07FB008BEDABC41BBF8A /* RankingTests.swift */; };
		65DB21ED0E229B7DBC6D7A9C /* KeyboardShortcuts in Frameworks */ = {isa = PBXBuildFile; productRef = 645521C6E9F2A451938A2A2E /* KeyboardShortcuts */; };
		683851E4A328F721297107CD /* RegressionTests.swift in Sources */ = {isa = PBXBuildFile; fileRef = 27CAAEF08C61BCBE16206263 /* RegressionTests.swift */; };
		6F684E47C8F48598262CB223 /* JudgeCorpusTests.swift in Sources */ = {isa = PBXBuildFile; fileRef = 6BE4C479CFE0DA2527D8B71D /* JudgeCorpusTests.swift */; };
		70EB256AE4EF2FB542B4571E /* QueryParser.swift in Sources */ = {isa = PBXBuildFile; fileRef = F1E65E2EFBBFDD7588897F76 /* QueryParser.swift */; };
		71A4E58AF3234DE8F7225EE5 /* TemplateURLTests.swift in Sources */ = {isa = PBXBuildFile; fileRef = 52D743F4E42D65BCC2CAC18E /* TemplateURLTests.swift */; };
		7338F64869A4B96782F88EB8 /* LoginItemController.swift in Sources */ = {isa = PBXBuildFile; fileRef = 7032889E4680E0845AC0F4AA /* LoginItemController.swift */; };
		74BDBE0B17BFA0E5FD9F51F6 /* ActionExecutor.swift in Sources */ = {isa = PBXBuildFile; fileRef = 570ECD3C5889D5814BF2A027 /* ActionExecutor.swift */; };
		76D8C2557C01E116BB3F1FE0 /* URLPolicyTests.swift in Sources */ = {isa = PBXBuildFile; fileRef = 71AA6D30CE28F7DC884533F0 /* URLPolicyTests.swift */; };
		7971C14C02BC4E6CCF345FFB /* URLPolicy.swift in Sources */ = {isa = PBXBuildFile; fileRef = BACCA8096277EC91B4041CF1 /* URLPolicy.swift */; };
		7F4F5F3D7C57CB29F9C489D2 /* ResultRowView.swift in Sources */ = {isa = PBXBuildFile; fileRef = ACF554587DBA5343647F3CA8 /* ResultRowView.swift */; };
		810D0F3615BA36182B19D1A4 /* PerformanceSignposts.swift in Sources */ = {isa = PBXBuildFile; fileRef = A3C2C572B74B92B44C354D02 /* PerformanceSignposts.swift */; };
		832C1B82D14AF8401F50DE46 /* PennyworthPanel.swift in Sources */ = {isa = PBXBuildFile; fileRef = DE512A8015485EA76AE9194F /* PennyworthPanel.swift */; };
		8B26C5A47978F3B2ED436863 /* SettingsModel.swift in Sources */ = {isa = PBXBuildFile; fileRef = 0DF0AAD9B00F5D737426360C /* SettingsModel.swift */; };
		90A17F6AB284E04054233C89 /* SearchResult.swift in Sources */ = {isa = PBXBuildFile; fileRef = BD36E1A874107C2D59F5D214 /* SearchResult.swift */; };
		9BB74C21AB49A161B787B6EB /* DatabaseMigration.swift in Sources */ = {isa = PBXBuildFile; fileRef = 3EF764B6C0D6C3D300064D69 /* DatabaseMigration.swift */; };
		9FFB649036029D9C08982365 /* SearchProvider.swift in Sources */ = {isa = PBXBuildFile; fileRef = 8C5333457DE24A54C368396D /* SearchProvider.swift */; };
		A8C0E1AF69B9FEAFAC04659A /* PennyworthViewController.swift in Sources */ = {isa = PBXBuildFile; fileRef = 40DD2AA11A5737C60183298A /* PennyworthViewController.swift */; };
		AA1C343E2954A4C5CAC11E80 /* CalculatorTests.swift in Sources */ = {isa = PBXBuildFile; fileRef = 2DF07C5918973ABBDBA971C7 /* CalculatorTests.swift */; };
		AAA9B0B70FC1383C89D04812 /* SelectionEvent.swift in Sources */ = {isa = PBXBuildFile; fileRef = F8F75378127082F159C96F67 /* SelectionEvent.swift */; };
		B1502CBC20598C497C874049 /* CommandProvider.swift in Sources */ = {isa = PBXBuildFile; fileRef = 694D5172D985F3542E3CD245 /* CommandProvider.swift */; };
		B86CE6EC5E278DC64991993F /* ApplicationProvider.swift in Sources */ = {isa = PBXBuildFile; fileRef = B3BDA98CDF563E60200B4952 /* ApplicationProvider.swift */; };
		C2DA8893DD5B2C0C3C6AE09E /* ExpressionLexer.swift in Sources */ = {isa = PBXBuildFile; fileRef = 03A960948D4505159596174A /* ExpressionLexer.swift */; };
		CA1203B7DB961624348A8443 /* ApplicationScanner.swift in Sources */ = {isa = PBXBuildFile; fileRef = BB1D356C3FD1F5EA3D3EFAC1 /* ApplicationScanner.swift */; };
		CC49ED0A970D10DCCB1E6982 /* SelectionStore.swift in Sources */ = {isa = PBXBuildFile; fileRef = AC4F67592933C6C4B1E7264B /* SelectionStore.swift */; };
		CF1B26E0171A2534D1AC9FC3 /* SearchQuery.swift in Sources */ = {isa = PBXBuildFile; fileRef = 98F00AAD8AD3278A3ED81C01 /* SearchQuery.swift */; };
		DFE730715E6AFA492154FD3B /* ExpressionParser.swift in Sources */ = {isa = PBXBuildFile; fileRef = 18698C243C9A809D7E8C3D6B /* ExpressionParser.swift */; };
		E4ECAD9D849C56F144CDDC84 /* FileMetadataService.swift in Sources */ = {isa = PBXBuildFile; fileRef = 444454FD18F51855E6D5AAFB /* FileMetadataService.swift */; };
		EB33AA861939E27E4353BE8F /* FuzzyMatcherTests.swift in Sources */ = {isa = PBXBuildFile; fileRef = 340E2A4449F230F7FBA1F9EE /* FuzzyMatcherTests.swift */; };
		EBBC762FB74050BA33ECE114 /* RankingWeights.swift in Sources */ = {isa = PBXBuildFile; fileRef = AAE1BB3DD0CDC3BE08CFDD7D /* RankingWeights.swift */; };
		F70BA7F5E002F40C04EA0AAC /* WebSearch.swift in Sources */ = {isa = PBXBuildFile; fileRef = CBD686DB8CDFE17C339167C5 /* WebSearch.swift */; };
/* End PBXBuildFile section */

/* Begin PBXContainerItemProxy section */
		823B78F2288D32F4825A1BCD /* PBXContainerItemProxy */ = {
			isa = PBXContainerItemProxy;
			containerPortal = C9F8B159ECF0EFF859ABDAE1 /* Project object */;
			proxyType = 1;
			remoteGlobalIDString = 435807E238E58A39BCDE180A;
			remoteInfo = Pennyworth;
		};
		AF426904412E69B9CEE4EBF3 /* PBXContainerItemProxy */ = {
			isa = PBXContainerItemProxy;
			containerPortal = C9F8B159ECF0EFF859ABDAE1 /* Project object */;
			proxyType = 1;
			remoteGlobalIDString = 435807E238E58A39BCDE180A;
			remoteInfo = Pennyworth;
		};
/* End PBXContainerItemProxy section */

/* Begin PBXFileReference section */
		0083CE79FF0D6F4CE14A3415 /* PennyworthUITests.xctest */ = {isa = PBXFileReference; explicitFileType = wrapper.cfbundle; includeInIndex = 0; path = PennyworthUITests.xctest; sourceTree = BUILT_PRODUCTS_DIR; };
		03A960948D4505159596174A /* ExpressionLexer.swift */ = {isa = PBXFileReference; lastKnownFileType = sourcecode.swift; path = ExpressionLexer.swift; sourceTree = "<group>"; };
		0DF0AAD9B00F5D737426360C /* SettingsModel.swift */ = {isa = PBXFileReference; lastKnownFileType = sourcecode.swift; path = SettingsModel.swift; sourceTree = "<group>"; };
		18698C243C9A809D7E8C3D6B /* ExpressionParser.swift */ = {isa = PBXFileReference; lastKnownFileType = sourcecode.swift; path = ExpressionParser.swift; sourceTree = "<group>"; };
		2067D1E86532D46BA9B3A58D /* StatusItemController.swift */ = {isa = PBXFileReference; lastKnownFileType = sourcecode.swift; path = StatusItemController.swift; sourceTree = "<group>"; };
		27CAAEF08C61BCBE16206263 /* RegressionTests.swift */ = {isa = PBXFileReference; lastKnownFileType = sourcecode.swift; path = RegressionTests.swift; sourceTree = "<group>"; };
		286333142453EF3711D23856 /* IconRepository.swift */ = {isa = PBXFileReference; lastKnownFileType = sourcecode.swift; path = IconRepository.swift; sourceTree = "<group>"; };
		2DF07C5918973ABBDBA971C7 /* CalculatorTests.swift */ = {isa = PBXFileReference; lastKnownFileType = sourcecode.swift; path = CalculatorTests.swift; sourceTree = "<group>"; };
		2E9E07FB008BEDABC41BBF8A /* RankingTests.swift */ = {isa = PBXFileReference; lastKnownFileType = sourcecode.swift; path = RankingTests.swift; sourceTree = "<group>"; };
		340E2A4449F230F7FBA1F9EE /* FuzzyMatcherTests.swift */ = {isa = PBXFileReference; lastKnownFileType = sourcecode.swift; path = FuzzyMatcherTests.swift; sourceTree = "<group>"; };
		35511875B57ACF0B7B8FF284 /* ApplicationIndex.swift */ = {isa = PBXFileReference; lastKnownFileType = sourcecode.swift; path = ApplicationIndex.swift; sourceTree = "<group>"; };
		35DD577AFAECD04B6D8FFFF1 /* SettingsWindowController.swift */ = {isa = PBXFileReference; lastKnownFileType = sourcecode.swift; path = SettingsWindowController.swift; sourceTree = "<group>"; };
		3EF764B6C0D6C3D300064D69 /* DatabaseMigration.swift */ = {isa = PBXFileReference; lastKnownFileType = sourcecode.swift; path = DatabaseMigration.swift; sourceTree = "<group>"; };
		40DD2AA11A5737C60183298A /* PennyworthViewController.swift */ = {isa = PBXFileReference; lastKnownFileType = sourcecode.swift; path = PennyworthViewController.swift; sourceTree = "<group>"; };
		444454FD18F51855E6D5AAFB /* FileMetadataService.swift */ = {isa = PBXFileReference; lastKnownFileType = sourcecode.swift; path = FileMetadataService.swift; sourceTree = "<group>"; };
		471F644A4CA965C3B6C814D5 /* QuickLookController.swift */ = {isa = PBXFileReference; lastKnownFileType = sourcecode.swift; path = QuickLookController.swift; sourceTree = "<group>"; };
		4B528F1D7CB652825AF7F541 /* PennyworthWindowController.swift */ = {isa = PBXFileReference; lastKnownFileType = sourcecode.swift; path = PennyworthWindowController.swift; sourceTree = "<group>"; };
		4BD2694A86F1D604DEF5CAF5 /* AppController.swift */ = {isa = PBXFileReference; lastKnownFileType = sourcecode.swift; path = AppController.swift; sourceTree = "<group>"; };
		4D492EFA237DD909E3E12346 /* Pennyworth.app */ = {isa = PBXFileReference; explicitFileType = wrapper.application; includeInIndex = 0; path = Pennyworth.app; sourceTree = BUILT_PRODUCTS_DIR; };
		52D743F4E42D65BCC2CAC18E /* TemplateURLTests.swift */ = {isa = PBXFileReference; lastKnownFileType = sourcecode.swift; path = TemplateURLTests.swift; sourceTree = "<group>"; };
		570ECD3C5889D5814BF2A027 /* ActionExecutor.swift */ = {isa = PBXFileReference; lastKnownFileType = sourcecode.swift; path = ActionExecutor.swift; sourceTree = "<group>"; };
		6366DEB3A76A69350C5D1E7D /* FuzzyMatcher.swift */ = {isa = PBXFileReference; lastKnownFileType = sourcecode.swift; path = FuzzyMatcher.swift; sourceTree = "<group>"; };
		67EC9DD79CC9051ED1378B84 /* FileProvider.swift */ = {isa = PBXFileReference; lastKnownFileType = sourcecode.swift; path = FileProvider.swift; sourceTree = "<group>"; };
		694D5172D985F3542E3CD245 /* CommandProvider.swift */ = {isa = PBXFileReference; lastKnownFileType = sourcecode.swift; path = CommandProvider.swift; sourceTree = "<group>"; };
		6BE4C479CFE0DA2527D8B71D /* JudgeCorpusTests.swift */ = {isa = PBXFileReference; lastKnownFileType = sourcecode.swift; path = JudgeCorpusTests.swift; sourceTree = "<group>"; };
		6C9E350581969D68939844D5 /* SearchCoordinator.swift */ = {isa = PBXFileReference; lastKnownFileType = sourcecode.swift; path = SearchCoordinator.swift; sourceTree = "<group>"; };
		6CA653F83D3E869E19B6D8A4 /* ResultAction.swift */ = {isa = PBXFileReference; lastKnownFileType = sourcecode.swift; path = ResultAction.swift; sourceTree = "<group>"; };
		6CE60B658255B0499717D99E /* PennyworthTests.xctest */ = {isa = PBXFileReference; explicitFileType = wrapper.cfbundle; includeInIndex = 0; path = PennyworthTests.xctest; sourceTree = BUILT_PRODUCTS_DIR; };
		7032889E4680E0845AC0F4AA /* LoginItemController.swift */ = {isa = PBXFileReference; lastKnownFileType = sourcecode.swift; path = LoginItemController.swift; sourceTree = "<group>"; };
		7144B508EB6950B011063FEE /* AppSettings.swift */ = {isa = PBXFileReference; lastKnownFileType = sourcecode.swift; path = AppSettings.swift; sourceTree = "<group>"; };
		7162E613E274258581367734 /* Info.plist */ = {isa = PBXFileReference; lastKnownFileType = text.plist; path = Info.plist; sourceTree = "<group>"; };
		71AA6D30CE28F7DC884533F0 /* URLPolicyTests.swift */ = {isa = PBXFileReference; lastKnownFileType = sourcecode.swift; path = URLPolicyTests.swift; sourceTree = "<group>"; };
		86E36BE7A2E65491D244275E /* AppDelegate.swift */ = {isa = PBXFileReference; lastKnownFileType = sourcecode.swift; path = AppDelegate.swift; sourceTree = "<group>"; };
		8C5333457DE24A54C368396D /* SearchProvider.swift */ = {isa = PBXFileReference; lastKnownFileType = sourcecode.swift; path = SearchProvider.swift; sourceTree = "<group>"; };
		8F942D18A1AF1F6EC4F0BAD9 /* Main.swift */ = {isa = PBXFileReference; lastKnownFileType = sourcecode.swift; path = Main.swift; sourceTree = "<group>"; };
		91DD9C5EF74E7A605A402187 /* Assets.xcassets */ = {isa = PBXFileReference; lastKnownFileType = folder.assetcatalog; path = Assets.xcassets; sourceTree = "<group>"; };
		94CE3E09599851ADDF188C53 /* PennyworthUITests.swift */ = {isa = PBXFileReference; lastKnownFileType = sourcecode.swift; path = PennyworthUITests.swift; sourceTree = "<group>"; };
		98F00AAD8AD3278A3ED81C01 /* SearchQuery.swift */ = {isa = PBXFileReference; lastKnownFileType = sourcecode.swift; path = SearchQuery.swift; sourceTree = "<group>"; };
		A3C2C572B74B92B44C354D02 /* PerformanceSignposts.swift */ = {isa = PBXFileReference; lastKnownFileType = sourcecode.swift; path = PerformanceSignposts.swift; sourceTree = "<group>"; };
		A4BDD9486D02F82D1B2120EE /* CalculatorProvider.swift */ = {isa = PBXFileReference; lastKnownFileType = sourcecode.swift; path = CalculatorProvider.swift; sourceTree = "<group>"; };
		AAE1BB3DD0CDC3BE08CFDD7D /* RankingWeights.swift */ = {isa = PBXFileReference; lastKnownFileType = sourcecode.swift; path = RankingWeights.swift; sourceTree = "<group>"; };
		AC4F67592933C6C4B1E7264B /* SelectionStore.swift */ = {isa = PBXFileReference; lastKnownFileType = sourcecode.swift; path = SelectionStore.swift; sourceTree = "<group>"; };
		ACF554587DBA5343647F3CA8 /* ResultRowView.swift */ = {isa = PBXFileReference; lastKnownFileType = sourcecode.swift; path = ResultRowView.swift; sourceTree = "<group>"; };
		B3BDA98CDF563E60200B4952 /* ApplicationProvider.swift */ = {isa = PBXFileReference; lastKnownFileType = sourcecode.swift; path = ApplicationProvider.swift; sourceTree = "<group>"; };
		BACCA8096277EC91B4041CF1 /* URLPolicy.swift */ = {isa = PBXFileReference; lastKnownFileType = sourcecode.swift; path = URLPolicy.swift; sourceTree = "<group>"; };
		BB1D356C3FD1F5EA3D3EFAC1 /* ApplicationScanner.swift */ = {isa = PBXFileReference; lastKnownFileType = sourcecode.swift; path = ApplicationScanner.swift; sourceTree = "<group>"; };
		BD36E1A874107C2D59F5D214 /* SearchResult.swift */ = {isa = PBXFileReference; lastKnownFileType = sourcecode.swift; path = SearchResult.swift; sourceTree = "<group>"; };
		C218ACC188BD83909E892429 /* DatabaseStore.swift */ = {isa = PBXFileReference; lastKnownFileType = sourcecode.swift; path = DatabaseStore.swift; sourceTree = "<group>"; };
		CB210C1855E58396A6FDF0A9 /* HotKeyController.swift */ = {isa = PBXFileReference; lastKnownFileType = sourcecode.swift; path = HotKeyController.swift; sourceTree = "<group>"; };
		CBD686DB8CDFE17C339167C5 /* WebSearch.swift */ = {isa = PBXFileReference; lastKnownFileType = sourcecode.swift; path = WebSearch.swift; sourceTree = "<group>"; };
		D2858531EBF2C408D49160C9 /* RankingEngine.swift */ = {isa = PBXFileReference; lastKnownFileType = sourcecode.swift; path = RankingEngine.swift; sourceTree = "<group>"; };
		D411C4CCAE7D64780E9253BE /* WebSearchRegistry.swift */ = {isa = PBXFileReference; lastKnownFileType = sourcecode.swift; path = WebSearchRegistry.swift; sourceTree = "<group>"; };
		DE512A8015485EA76AE9194F /* PennyworthPanel.swift */ = {isa = PBXFileReference; lastKnownFileType = sourcecode.swift; path = PennyworthPanel.swift; sourceTree = "<group>"; };
		DED8B58F2898CA64F1CF8297 /* WebProvider.swift */ = {isa = PBXFileReference; lastKnownFileType = sourcecode.swift; path = WebProvider.swift; sourceTree = "<group>"; };
		EEF1BAC9AE33FBC24A215C69 /* QueryParserTests.swift */ = {isa = PBXFileReference; lastKnownFileType = sourcecode.swift; path = QueryParserTests.swift; sourceTree = "<group>"; };
		F0CD428160E06481A5972D00 /* DefaultWebSearches.json */ = {isa = PBXFileReference; lastKnownFileType = text.json; path = DefaultWebSearches.json; sourceTree = "<group>"; };
		F1E65E2EFBBFDD7588897F76 /* QueryParser.swift */ = {isa = PBXFileReference; lastKnownFileType = sourcecode.swift; path = QueryParser.swift; sourceTree = "<group>"; };
		F4FFC3B9741C2CF273F9E817 /* UnitConverter.swift */ = {isa = PBXFileReference; lastKnownFileType = sourcecode.swift; path = UnitConverter.swift; sourceTree = "<group>"; };
		F8F75378127082F159C96F67 /* SelectionEvent.swift */ = {isa = PBXFileReference; lastKnownFileType = sourcecode.swift; path = SelectionEvent.swift; sourceTree = "<group>"; };
/* End PBXFileReference section */

/* Begin PBXFrameworksBuildPhase section */
		DD774CCF00AF6035AC6EEFEC /* Frameworks */ = {
			isa = PBXFrameworksBuildPhase;
			buildActionMask = 2147483647;
			files = (
				65DB21ED0E229B7DBC6D7A9C /* KeyboardShortcuts in Frameworks */,
			);
			runOnlyForDeploymentPostprocessing = 0;
		};
/* End PBXFrameworksBuildPhase section */

/* Begin PBXGroup section */
		001C576073708D95EA2591F2 /* PennyworthTests */ = {
			isa = PBXGroup;
			children = (
				2DF07C5918973ABBDBA971C7 /* CalculatorTests.swift */,
				340E2A4449F230F7FBA1F9EE /* FuzzyMatcherTests.swift */,
				6BE4C479CFE0DA2527D8B71D /* JudgeCorpusTests.swift */,
				EEF1BAC9AE33FBC24A215C69 /* QueryParserTests.swift */,
				2E9E07FB008BEDABC41BBF8A /* RankingTests.swift */,
				27CAAEF08C61BCBE16206263 /* RegressionTests.swift */,
				52D743F4E42D65BCC2CAC18E /* TemplateURLTests.swift */,
				71AA6D30CE28F7DC884533F0 /* URLPolicyTests.swift */,
			);
			path = PennyworthTests;
			sourceTree = "<group>";
		};
		0A577206655B4FCEC21811B9 /* Search */ = {
			isa = PBXGroup;
			children = (
				13D0AFFD4BD005AA5787AB19 /* Ranking */,
				F1E65E2EFBBFDD7588897F76 /* QueryParser.swift */,
				6C9E350581969D68939844D5 /* SearchCoordinator.swift */,
				8C5333457DE24A54C368396D /* SearchProvider.swift */,
				98F00AAD8AD3278A3ED81C01 /* SearchQuery.swift */,
				BD36E1A874107C2D59F5D214 /* SearchResult.swift */,
				AC4F67592933C6C4B1E7264B /* SelectionStore.swift */,
			);
			path = Search;
			sourceTree = "<group>";
		};
		11D15CA8DE26D0814B9731D9 /* Calculator */ = {
			isa = PBXGroup;
			children = (
				A4BDD9486D02F82D1B2120EE /* CalculatorProvider.swift */,
				03A960948D4505159596174A /* ExpressionLexer.swift */,
				18698C243C9A809D7E8C3D6B /* ExpressionParser.swift */,
				F4FFC3B9741C2CF273F9E817 /* UnitConverter.swift */,
			);
			path = Calculator;
			sourceTree = "<group>";
		};
		13D0AFFD4BD005AA5787AB19 /* Ranking */ = {
			isa = PBXGroup;
			children = (
				6366DEB3A76A69350C5D1E7D /* FuzzyMatcher.swift */,
				D2858531EBF2C408D49160C9 /* RankingEngine.swift */,
				AAE1BB3DD0CDC3BE08CFDD7D /* RankingWeights.swift */,
			);
			path = Ranking;
			sourceTree = "<group>";
		};
		2EF46D569E110E6E0E9022C2 /* Settings */ = {
			isa = PBXGroup;
			children = (
				0DF0AAD9B00F5D737426360C /* SettingsModel.swift */,
				35DD577AFAECD04B6D8FFFF1 /* SettingsWindowController.swift */,
			);
			path = Settings;
			sourceTree = "<group>";
		};
		40480EBD49BA8C00EA718D71 /* Commands */ = {
			isa = PBXGroup;
			children = (
				694D5172D985F3542E3CD245 /* CommandProvider.swift */,
			);
			path = Commands;
			sourceTree = "<group>";
		};
		49FD6EF6121E20B293B1F043 /* Providers */ = {
			isa = PBXGroup;
			children = (
				8703681A7BC2D1479FFD286F /* Applications */,
				11D15CA8DE26D0814B9731D9 /* Calculator */,
				40480EBD49BA8C00EA718D71 /* Commands */,
				9A11DA2249BC0D0DDF8FA2AC /* Files */,
				AB4D4AB7749316881ED04F2B /* Web */,
			);
			path = Providers;
			sourceTree = "<group>";
		};
		57F3CBC507E4F047D5E79048 /* App */ = {
			isa = PBXGroup;
			children = (
				4BD2694A86F1D604DEF5CAF5 /* AppController.swift */,
				86E36BE7A2E65491D244275E /* AppDelegate.swift */,
				8F942D18A1AF1F6EC4F0BAD9 /* Main.swift */,
				2067D1E86532D46BA9B3A58D /* StatusItemController.swift */,
			);
			path = App;
			sourceTree = "<group>";
		};
		5A575C9F081347CA554CF35D = {
			isa = PBXGroup;
			children = (
				952CD889BF410CEF7C840EDA /* Pennyworth */,
				001C576073708D95EA2591F2 /* PennyworthTests */,
				F74CA027706664BD9D5D0E09 /* PennyworthUITests */,
				B2779089B119564E8FF6E43E /* Products */,
			);
			sourceTree = "<group>";
		};
		64DD0454DDD1615B19AF02B3 /* Infrastructure */ = {
			isa = PBXGroup;
			children = (
				CB210C1855E58396A6FDF0A9 /* HotKeyController.swift */,
				286333142453EF3711D23856 /* IconRepository.swift */,
				7032889E4680E0845AC0F4AA /* LoginItemController.swift */,
				A3C2C572B74B92B44C354D02 /* PerformanceSignposts.swift */,
			);
			path = Infrastructure;
			sourceTree = "<group>";
		};
		7FA62D1E1256EB1BF8819A56 /* Actions */ = {
			isa = PBXGroup;
			children = (
				570ECD3C5889D5814BF2A027 /* ActionExecutor.swift */,
				6CA653F83D3E869E19B6D8A4 /* ResultAction.swift */,
			);
			path = Actions;
			sourceTree = "<group>";
		};
		8703681A7BC2D1479FFD286F /* Applications */ = {
			isa = PBXGroup;
			children = (
				35511875B57ACF0B7B8FF284 /* ApplicationIndex.swift */,
				B3BDA98CDF563E60200B4952 /* ApplicationProvider.swift */,
				BB1D356C3FD1F5EA3D3EFAC1 /* ApplicationScanner.swift */,
			);
			path = Applications;
			sourceTree = "<group>";
		};
		952CD889BF410CEF7C840EDA /* Pennyworth */ = {
			isa = PBXGroup;
			children = (
				7FA62D1E1256EB1BF8819A56 /* Actions */,
				57F3CBC507E4F047D5E79048 /* App */,
				64DD0454DDD1615B19AF02B3 /* Infrastructure */,
				A6C178B2F19378389E87D749 /* PennyworthPanel */,
				B46315A2062AC46EA87D757C /* Persistence */,
				49FD6EF6121E20B293B1F043 /* Providers */,
				ACF73CB4B9E9FF7120414649 /* Resources */,
				0A577206655B4FCEC21811B9 /* Search */,
				2EF46D569E110E6E0E9022C2 /* Settings */,
			);
			path = Pennyworth;
			sourceTree = "<group>";
		};
		9A11DA2249BC0D0DDF8FA2AC /* Files */ = {
			isa = PBXGroup;
			children = (
				444454FD18F51855E6D5AAFB /* FileMetadataService.swift */,
				67EC9DD79CC9051ED1378B84 /* FileProvider.swift */,
			);
			path = Files;
			sourceTree = "<group>";
		};
		A6C178B2F19378389E87D749 /* PennyworthPanel */ = {
			isa = PBXGroup;
			children = (
				DE512A8015485EA76AE9194F /* PennyworthPanel.swift */,
				40DD2AA11A5737C60183298A /* PennyworthViewController.swift */,
				4B528F1D7CB652825AF7F541 /* PennyworthWindowController.swift */,
				471F644A4CA965C3B6C814D5 /* QuickLookController.swift */,
				ACF554587DBA5343647F3CA8 /* ResultRowView.swift */,
			);
			path = PennyworthPanel;
			sourceTree = "<group>";
		};
		AB4D4AB7749316881ED04F2B /* Web */ = {
			isa = PBXGroup;
			children = (
				BACCA8096277EC91B4041CF1 /* URLPolicy.swift */,
				DED8B58F2898CA64F1CF8297 /* WebProvider.swift */,
				CBD686DB8CDFE17C339167C5 /* WebSearch.swift */,
				D411C4CCAE7D64780E9253BE /* WebSearchRegistry.swift */,
			);
			path = Web;
			sourceTree = "<group>";
		};
		ACF73CB4B9E9FF7120414649 /* Resources */ = {
			isa = PBXGroup;
			children = (
				91DD9C5EF74E7A605A402187 /* Assets.xcassets */,
				F0CD428160E06481A5972D00 /* DefaultWebSearches.json */,
				7162E613E274258581367734 /* Info.plist */,
			);
			path = Resources;
			sourceTree = "<group>";
		};
		B2779089B119564E8FF6E43E /* Products */ = {
			isa = PBXGroup;
			children = (
				4D492EFA237DD909E3E12346 /* Pennyworth.app */,
				6CE60B658255B0499717D99E /* PennyworthTests.xctest */,
				0083CE79FF0D6F4CE14A3415 /* PennyworthUITests.xctest */,
			);
			name = Products;
			sourceTree = "<group>";
		};
		B46315A2062AC46EA87D757C /* Persistence */ = {
			isa = PBXGroup;
			children = (
				7144B508EB6950B011063FEE /* AppSettings.swift */,
				3EF764B6C0D6C3D300064D69 /* DatabaseMigration.swift */,
				C218ACC188BD83909E892429 /* DatabaseStore.swift */,
				F8F75378127082F159C96F67 /* SelectionEvent.swift */,
			);
			path = Persistence;
			sourceTree = "<group>";
		};
		F74CA027706664BD9D5D0E09 /* PennyworthUITests */ = {
			isa = PBXGroup;
			children = (
				94CE3E09599851ADDF188C53 /* PennyworthUITests.swift */,
			);
			path = PennyworthUITests;
			sourceTree = "<group>";
		};
/* End PBXGroup section */

/* Begin PBXNativeTarget section */
		3A9BCBC2B03DBF3BC28AB09C /* PennyworthTests */ = {
			isa = PBXNativeTarget;
			buildConfigurationList = 06FAC748F0FA60BA257DF6CA /* Build configuration list for PBXNativeTarget "PennyworthTests" */;
			buildPhases = (
				36EE0762BCA06CCFD22C67DE /* Sources */,
			);
			buildRules = (
			);
			dependencies = (
				78EF5CCE983F2F6E6BC4FE87 /* PBXTargetDependency */,
			);
			name = PennyworthTests;
			packageProductDependencies = (
			);
			productName = PennyworthTests;
			productReference = 6CE60B658255B0499717D99E /* PennyworthTests.xctest */;
			productType = "com.apple.product-type.bundle.unit-test";
		};
		435807E238E58A39BCDE180A /* Pennyworth */ = {
			isa = PBXNativeTarget;
			buildConfigurationList = DA55DAFED1A0E25FF2A84B56 /* Build configuration list for PBXNativeTarget "Pennyworth" */;
			buildPhases = (
				FDD78324F6810AD74DE10170 /* Sources */,
				F545BFF12C8EE39EF0709BA7 /* Resources */,
				DD774CCF00AF6035AC6EEFEC /* Frameworks */,
			);
			buildRules = (
			);
			dependencies = (
			);
			name = Pennyworth;
			packageProductDependencies = (
				645521C6E9F2A451938A2A2E /* KeyboardShortcuts */,
			);
			productName = Pennyworth;
			productReference = 4D492EFA237DD909E3E12346 /* Pennyworth.app */;
			productType = "com.apple.product-type.application";
		};
		5BA65FACE58FE419C8B93237 /* PennyworthUITests */ = {
			isa = PBXNativeTarget;
			buildConfigurationList = 09CBB38D107292A1A17B0ED9 /* Build configuration list for PBXNativeTarget "PennyworthUITests" */;
			buildPhases = (
				2BF967A58F8B762834E637CA /* Sources */,
			);
			buildRules = (
			);
			dependencies = (
				8230469FB30A25DA3CBB8EFB /* PBXTargetDependency */,
			);
			name = PennyworthUITests;
			packageProductDependencies = (
			);
			productName = PennyworthUITests;
			productReference = 0083CE79FF0D6F4CE14A3415 /* PennyworthUITests.xctest */;
			productType = "com.apple.product-type.bundle.ui-testing";
		};
/* End PBXNativeTarget section */

/* Begin PBXProject section */
		C9F8B159ECF0EFF859ABDAE1 /* Project object */ = {
			isa = PBXProject;
			attributes = {
				BuildIndependentTargetsInParallel = YES;
				LastUpgradeCheck = 1430;
				TargetAttributes = {
					435807E238E58A39BCDE180A = {
						ProvisioningStyle = Manual;
					};
					5BA65FACE58FE419C8B93237 = {
						TestTargetID = 435807E238E58A39BCDE180A;
					};
				};
			};
			buildConfigurationList = EE6957B72BA958453E0F85A4 /* Build configuration list for PBXProject "Pennyworth" */;
			developmentRegion = en;
			hasScannedForEncodings = 0;
			knownRegions = (
				Base,
				en,
			);
			mainGroup = 5A575C9F081347CA554CF35D;
			minimizedProjectReferenceProxies = 1;
			packageReferences = (
				F9C0AC6F27AA8671975C4772 /* XCRemoteSwiftPackageReference "KeyboardShortcuts" */,
			);
			preferredProjectObjectVersion = 77;
			productRefGroup = B2779089B119564E8FF6E43E /* Products */;
			projectDirPath = "";
			projectRoot = "";
			targets = (
				435807E238E58A39BCDE180A /* Pennyworth */,
				3A9BCBC2B03DBF3BC28AB09C /* PennyworthTests */,
				5BA65FACE58FE419C8B93237 /* PennyworthUITests */,
			);
		};
/* End PBXProject section */

/* Begin PBXResourcesBuildPhase section */
		F545BFF12C8EE39EF0709BA7 /* Resources */ = {
			isa = PBXResourcesBuildPhase;
			buildActionMask = 2147483647;
			files = (
				582C5FD77DFB12117150E1E0 /* Assets.xcassets in Resources */,
				2504CF2A625BB20A110284AA /* DefaultWebSearches.json in Resources */,
			);
			runOnlyForDeploymentPostprocessing = 0;
		};
/* End PBXResourcesBuildPhase section */

/* Begin PBXSourcesBuildPhase section */
		2BF967A58F8B762834E637CA /* Sources */ = {
			isa = PBXSourcesBuildPhase;
			buildActionMask = 2147483647;
			files = (
				46CD2927C05300C1A87B0F3A /* PennyworthUITests.swift in Sources */,
			);
			runOnlyForDeploymentPostprocessing = 0;
		};
		36EE0762BCA06CCFD22C67DE /* Sources */ = {
			isa = PBXSourcesBuildPhase;
			buildActionMask = 2147483647;
			files = (
				AA1C343E2954A4C5CAC11E80 /* CalculatorTests.swift in Sources */,
				EB33AA861939E27E4353BE8F /* FuzzyMatcherTests.swift in Sources */,
				6F684E47C8F48598262CB223 /* JudgeCorpusTests.swift in Sources */,
				423C972BD7C69980257CF952 /* QueryParserTests.swift in Sources */,
				5DC7A8C0E0F16ED7FD4F7E3B /* RankingTests.swift in Sources */,
				683851E4A328F721297107CD /* RegressionTests.swift in Sources */,
				71A4E58AF3234DE8F7225EE5 /* TemplateURLTests.swift in Sources */,
				76D8C2557C01E116BB3F1FE0 /* URLPolicyTests.swift in Sources */,
			);
			runOnlyForDeploymentPostprocessing = 0;
		};
		FDD78324F6810AD74DE10170 /* Sources */ = {
			isa = PBXSourcesBuildPhase;
			buildActionMask = 2147483647;
			files = (
				74BDBE0B17BFA0E5FD9F51F6 /* ActionExecutor.swift in Sources */,
				2D7A4CB04E14C40FF362573F /* AppController.swift in Sources */,
				1DF55FEEE6CC7C9065993958 /* AppDelegate.swift in Sources */,
				2367A7AAE955C5597629A170 /* AppSettings.swift in Sources */,
				246B0EC59F31CCB8A5D4A47F /* ApplicationIndex.swift in Sources */,
				B86CE6EC5E278DC64991993F /* ApplicationProvider.swift in Sources */,
				CA1203B7DB961624348A8443 /* ApplicationScanner.swift in Sources */,
				3BAEF56EEFF430AB74B6DBA7 /* CalculatorProvider.swift in Sources */,
				B1502CBC20598C497C874049 /* CommandProvider.swift in Sources */,
				9BB74C21AB49A161B787B6EB /* DatabaseMigration.swift in Sources */,
				3E5E52D1861D5B389BC50DDF /* DatabaseStore.swift in Sources */,
				C2DA8893DD5B2C0C3C6AE09E /* ExpressionLexer.swift in Sources */,
				DFE730715E6AFA492154FD3B /* ExpressionParser.swift in Sources */,
				E4ECAD9D849C56F144CDDC84 /* FileMetadataService.swift in Sources */,
				2337AA644ABB9F9CCE41BC70 /* FileProvider.swift in Sources */,
				45ED29F88E0F309C7A24EF75 /* FuzzyMatcher.swift in Sources */,
				22E0AC9F5832810105103E7D /* HotKeyController.swift in Sources */,
				229A93FC6B7F277D897FC626 /* IconRepository.swift in Sources */,
				7338F64869A4B96782F88EB8 /* LoginItemController.swift in Sources */,
				4147E8221440B878A2B2D2B9 /* Main.swift in Sources */,
				832C1B82D14AF8401F50DE46 /* PennyworthPanel.swift in Sources */,
				A8C0E1AF69B9FEAFAC04659A /* PennyworthViewController.swift in Sources */,
				47943745A734616D834C1D97 /* PennyworthWindowController.swift in Sources */,
				810D0F3615BA36182B19D1A4 /* PerformanceSignposts.swift in Sources */,
				70EB256AE4EF2FB542B4571E /* QueryParser.swift in Sources */,
				59D37A211FF5CD8A29AB62E8 /* QuickLookController.swift in Sources */,
				55BBF9761FF06BA426DFD440 /* RankingEngine.swift in Sources */,
				EBBC762FB74050BA33ECE114 /* RankingWeights.swift in Sources */,
				14BCDF277134C8485311B805 /* ResultAction.swift in Sources */,
				7F4F5F3D7C57CB29F9C489D2 /* ResultRowView.swift in Sources */,
				1B7550F57ECBE89E5BA2461F /* SearchCoordinator.swift in Sources */,
				9FFB649036029D9C08982365 /* SearchProvider.swift in Sources */,
				CF1B26E0171A2534D1AC9FC3 /* SearchQuery.swift in Sources */,
				90A17F6AB284E04054233C89 /* SearchResult.swift in Sources */,
				AAA9B0B70FC1383C89D04812 /* SelectionEvent.swift in Sources */,
				CC49ED0A970D10DCCB1E6982 /* SelectionStore.swift in Sources */,
				8B26C5A47978F3B2ED436863 /* SettingsModel.swift in Sources */,
				060243503C2DD36E80D5A789 /* SettingsWindowController.swift in Sources */,
				518FC236C6173666431B4598 /* StatusItemController.swift in Sources */,
				7971C14C02BC4E6CCF345FFB /* URLPolicy.swift in Sources */,
				3A1909891391E26E4FE3261D /* UnitConverter.swift in Sources */,
				4E7D4C34E2F21F45516F7878 /* WebProvider.swift in Sources */,
				F70BA7F5E002F40C04EA0AAC /* WebSearch.swift in Sources */,
				31A6A33510EE16690689D3D3 /* WebSearchRegistry.swift in Sources */,
			);
			runOnlyForDeploymentPostprocessing = 0;
		};
/* End PBXSourcesBuildPhase section */

/* Begin PBXTargetDependency section */
		78EF5CCE983F2F6E6BC4FE87 /* PBXTargetDependency */ = {
			isa = PBXTargetDependency;
			target = 435807E238E58A39BCDE180A /* Pennyworth */;
			targetProxy = 823B78F2288D32F4825A1BCD /* PBXContainerItemProxy */;
		};
		8230469FB30A25DA3CBB8EFB /* PBXTargetDependency */ = {
			isa = PBXTargetDependency;
			target = 435807E238E58A39BCDE180A /* Pennyworth */;
			targetProxy = AF426904412E69B9CEE4EBF3 /* PBXContainerItemProxy */;
		};
/* End PBXTargetDependency section */

/* Begin XCBuildConfiguration section */
		522F6CA4D5E71D7DEA7DC28B /* Release */ = {
			isa = XCBuildConfiguration;
			buildSettings = {
				ASSETCATALOG_COMPILER_APPICON_NAME = AppIcon;
				CODE_SIGN_IDENTITY = "-";
				CODE_SIGN_STYLE = Manual;
				COMBINE_HIDPI_IMAGES = YES;
				INFOPLIST_FILE = Pennyworth/Resources/Info.plist;
				LD_RUNPATH_SEARCH_PATHS = (
					"$(inherited)",
					"@executable_path/../Frameworks",
				);
				PRODUCT_BUNDLE_IDENTIFIER = com.local.pennyworth;
				PRODUCT_NAME = Pennyworth;
				SDKROOT = macosx;
			};
			name = Release;
		};
		67D82B951E5A2871DD94B43F /* Debug */ = {
			isa = XCBuildConfiguration;
			buildSettings = {
				ALWAYS_SEARCH_USER_PATHS = NO;
				CLANG_ANALYZER_NONNULL = YES;
				CLANG_ANALYZER_NUMBER_OBJECT_CONVERSION = YES_AGGRESSIVE;
				CLANG_CXX_LANGUAGE_STANDARD = "gnu++14";
				CLANG_CXX_LIBRARY = "libc++";
				CLANG_ENABLE_MODULES = YES;
				CLANG_ENABLE_OBJC_ARC = YES;
				CLANG_ENABLE_OBJC_WEAK = YES;
				CLANG_WARN_BLOCK_CAPTURE_AUTORELEASING = YES;
				CLANG_WARN_BOOL_CONVERSION = YES;
				CLANG_WARN_COMMA = YES;
				CLANG_WARN_CONSTANT_CONVERSION = YES;
				CLANG_WARN_DEPRECATED_OBJC_IMPLEMENTATIONS = YES;
				CLANG_WARN_DIRECT_OBJC_ISA_USAGE = YES_ERROR;
				CLANG_WARN_DOCUMENTATION_COMMENTS = YES;
				CLANG_WARN_EMPTY_BODY = YES;
				CLANG_WARN_ENUM_CONVERSION = YES;
				CLANG_WARN_INFINITE_RECURSION = YES;
				CLANG_WARN_INT_CONVERSION = YES;
				CLANG_WARN_NON_LITERAL_NULL_CONVERSION = YES;
				CLANG_WARN_OBJC_IMPLICIT_RETAIN_SELF = YES;
				CLANG_WARN_OBJC_LITERAL_CONVERSION = YES;
				CLANG_WARN_OBJC_ROOT_CLASS = YES_ERROR;
				CLANG_WARN_QUOTED_INCLUDE_IN_FRAMEWORK_HEADER = YES;
				CLANG_WARN_RANGE_LOOP_ANALYSIS = YES;
				CLANG_WARN_STRICT_PROTOTYPES = YES;
				CLANG_WARN_SUSPICIOUS_MOVE = YES;
				CLANG_WARN_UNGUARDED_AVAILABILITY = YES_AGGRESSIVE;
				CLANG_WARN_UNREACHABLE_CODE = YES;
				CLANG_WARN__DUPLICATE_METHOD_MATCH = YES;
				COPY_PHASE_STRIP = NO;
				DEBUG_INFORMATION_FORMAT = dwarf;
				ENABLE_HARDENED_RUNTIME = YES;
				ENABLE_STRICT_OBJC_MSGSEND = YES;
				ENABLE_TESTABILITY = YES;
				ENABLE_USER_SCRIPT_SANDBOXING = YES;
				GCC_C_LANGUAGE_STANDARD = gnu11;
				GCC_DYNAMIC_NO_PIC = NO;
				GCC_NO_COMMON_BLOCKS = YES;
				GCC_OPTIMIZATION_LEVEL = 0;
				GCC_PREPROCESSOR_DEFINITIONS = (
					"$(inherited)",
					"DEBUG=1",
				);
				GCC_WARN_64_TO_32_BIT_CONVERSION = YES;
				GCC_WARN_ABOUT_RETURN_TYPE = YES_ERROR;
				GCC_WARN_UNDECLARED_SELECTOR = YES;
				GCC_WARN_UNINITIALIZED_AUTOS = YES_AGGRESSIVE;
				GCC_WARN_UNUSED_FUNCTION = YES;
				GCC_WARN_UNUSED_VARIABLE = YES;
				MACOSX_DEPLOYMENT_TARGET = 26.0;
				MTL_ENABLE_DEBUG_INFO = INCLUDE_SOURCE;
				MTL_FAST_MATH = YES;
				ONLY_ACTIVE_ARCH = YES;
				PRODUCT_NAME = "$(TARGET_NAME)";
				SDKROOT = macosx;
				SWIFT_ACTIVE_COMPILATION_CONDITIONS = DEBUG;
				SWIFT_OPTIMIZATION_LEVEL = "-Onone";
				SWIFT_STRICT_CONCURRENCY = complete;
				SWIFT_TREAT_WARNINGS_AS_ERRORS = YES;
				SWIFT_VERSION = 6.0;
			};
			name = Debug;
		};
		96714C8101E3A87E6B7B3DBD /* Debug */ = {
			isa = XCBuildConfiguration;
			buildSettings = {
				ASSETCATALOG_COMPILER_APPICON_NAME = AppIcon;
				CODE_SIGN_IDENTITY = "-";
				CODE_SIGN_STYLE = Manual;
				COMBINE_HIDPI_IMAGES = YES;
				INFOPLIST_FILE = Pennyworth/Resources/Info.plist;
				LD_RUNPATH_SEARCH_PATHS = (
					"$(inherited)",
					"@executable_path/../Frameworks",
				);
				PRODUCT_BUNDLE_IDENTIFIER = com.local.pennyworth;
				PRODUCT_NAME = Pennyworth;
				SDKROOT = macosx;
			};
			name = Debug;
		};
		D5B0845EB42AF95F59E33B2F /* Debug */ = {
			isa = XCBuildConfiguration;
			buildSettings = {
				BUNDLE_LOADER = "$(TEST_HOST)";
				COMBINE_HIDPI_IMAGES = YES;
				GENERATE_INFOPLIST_FILE = YES;
				LD_RUNPATH_SEARCH_PATHS = (
					"$(inherited)",
					"@executable_path/Frameworks",
					"@loader_path/Frameworks",
				);
				PRODUCT_BUNDLE_IDENTIFIER = com.local.pennyworth.uitests;
				SDKROOT = macosx;
				TEST_TARGET_NAME = Pennyworth;
			};
			name = Debug;
		};
		D76363D0FADCF84E7913EC18 /* Release */ = {
			isa = XCBuildConfiguration;
			buildSettings = {
				BUNDLE_LOADER = "$(TEST_HOST)";
				COMBINE_HIDPI_IMAGES = YES;
				GENERATE_INFOPLIST_FILE = YES;
				LD_RUNPATH_SEARCH_PATHS = (
					"$(inherited)",
					"@executable_path/Frameworks",
					"@loader_path/Frameworks",
				);
				PRODUCT_BUNDLE_IDENTIFIER = com.local.pennyworth.uitests;
				SDKROOT = macosx;
				TEST_TARGET_NAME = Pennyworth;
			};
			name = Release;
		};
		E58B127001117D13FB7BB5FF /* Debug */ = {
			isa = XCBuildConfiguration;
			buildSettings = {
				BUNDLE_LOADER = "$(TEST_HOST)";
				COMBINE_HIDPI_IMAGES = YES;
				GENERATE_INFOPLIST_FILE = YES;
				LD_RUNPATH_SEARCH_PATHS = (
					"$(inherited)",
					"@executable_path/../Frameworks",
					"@loader_path/../Frameworks",
				);
				PRODUCT_BUNDLE_IDENTIFIER = com.local.pennyworth.tests;
				SDKROOT = macosx;
				TEST_HOST = "$(BUILT_PRODUCTS_DIR)/Pennyworth.app/Contents/MacOS/Pennyworth";
			};
			name = Debug;
		};
		FF442AAD04FC063D55542B97 /* Release */ = {
			isa = XCBuildConfiguration;
			buildSettings = {
				ALWAYS_SEARCH_USER_PATHS = NO;
				CLANG_ANALYZER_NONNULL = YES;
				CLANG_ANALYZER_NUMBER_OBJECT_CONVERSION = YES_AGGRESSIVE;
				CLANG_CXX_LANGUAGE_STANDARD = "gnu++14";
				CLANG_CXX_LIBRARY = "libc++";
				CLANG_ENABLE_MODULES = YES;
				CLANG_ENABLE_OBJC_ARC = YES;
				CLANG_ENABLE_OBJC_WEAK = YES;
				CLANG_WARN_BLOCK_CAPTURE_AUTORELEASING = YES;
				CLANG_WARN_BOOL_CONVERSION = YES;
				CLANG_WARN_COMMA = YES;
				CLANG_WARN_CONSTANT_CONVERSION = YES;
				CLANG_WARN_DEPRECATED_OBJC_IMPLEMENTATIONS = YES;
				CLANG_WARN_DIRECT_OBJC_ISA_USAGE = YES_ERROR;
				CLANG_WARN_DOCUMENTATION_COMMENTS = YES;
				CLANG_WARN_EMPTY_BODY = YES;
				CLANG_WARN_ENUM_CONVERSION = YES;
				CLANG_WARN_INFINITE_RECURSION = YES;
				CLANG_WARN_INT_CONVERSION = YES;
				CLANG_WARN_NON_LITERAL_NULL_CONVERSION = YES;
				CLANG_WARN_OBJC_IMPLICIT_RETAIN_SELF = YES;
				CLANG_WARN_OBJC_LITERAL_CONVERSION = YES;
				CLANG_WARN_OBJC_ROOT_CLASS = YES_ERROR;
				CLANG_WARN_QUOTED_INCLUDE_IN_FRAMEWORK_HEADER = YES;
				CLANG_WARN_RANGE_LOOP_ANALYSIS = YES;
				CLANG_WARN_STRICT_PROTOTYPES = YES;
				CLANG_WARN_SUSPICIOUS_MOVE = YES;
				CLANG_WARN_UNGUARDED_AVAILABILITY = YES_AGGRESSIVE;
				CLANG_WARN_UNREACHABLE_CODE = YES;
				CLANG_WARN__DUPLICATE_METHOD_MATCH = YES;
				COPY_PHASE_STRIP = NO;
				DEBUG_INFORMATION_FORMAT = "dwarf-with-dsym";
				ENABLE_HARDENED_RUNTIME = YES;
				ENABLE_NS_ASSERTIONS = NO;
				ENABLE_STRICT_OBJC_MSGSEND = YES;
				ENABLE_USER_SCRIPT_SANDBOXING = YES;
				GCC_C_LANGUAGE_STANDARD = gnu11;
				GCC_NO_COMMON_BLOCKS = YES;
				GCC_WARN_64_TO_32_BIT_CONVERSION = YES;
				GCC_WARN_ABOUT_RETURN_TYPE = YES_ERROR;
				GCC_WARN_UNDECLARED_SELECTOR = YES;
				GCC_WARN_UNINITIALIZED_AUTOS = YES_AGGRESSIVE;
				GCC_WARN_UNUSED_FUNCTION = YES;
				GCC_WARN_UNUSED_VARIABLE = YES;
				MACOSX_DEPLOYMENT_TARGET = 26.0;
				MTL_ENABLE_DEBUG_INFO = NO;
				MTL_FAST_MATH = YES;
				PRODUCT_NAME = "$(TARGET_NAME)";
				SDKROOT = macosx;
				SWIFT_COMPILATION_MODE = wholemodule;
				SWIFT_OPTIMIZATION_LEVEL = "-O";
				SWIFT_STRICT_CONCURRENCY = complete;
				SWIFT_TREAT_WARNINGS_AS_ERRORS = YES;
				SWIFT_VERSION = 6.0;
			};
			name = Release;
		};
		FF95C3A62229CF9A02E0B1B8 /* Release */ = {
			isa = XCBuildConfiguration;
			buildSettings = {
				BUNDLE_LOADER = "$(TEST_HOST)";
				COMBINE_HIDPI_IMAGES = YES;
				GENERATE_INFOPLIST_FILE = YES;
				LD_RUNPATH_SEARCH_PATHS = (
					"$(inherited)",
					"@executable_path/../Frameworks",
					"@loader_path/../Frameworks",
				);
				PRODUCT_BUNDLE_IDENTIFIER = com.local.pennyworth.tests;
				SDKROOT = macosx;
				TEST_HOST = "$(BUILT_PRODUCTS_DIR)/Pennyworth.app/Contents/MacOS/Pennyworth";
			};
			name = Release;
		};
/* End XCBuildConfiguration section */

/* Begin XCConfigurationList section */
		06FAC748F0FA60BA257DF6CA /* Build configuration list for PBXNativeTarget "PennyworthTests" */ = {
			isa = XCConfigurationList;
			buildConfigurations = (
				E58B127001117D13FB7BB5FF /* Debug */,
				FF95C3A62229CF9A02E0B1B8 /* Release */,
			);
			defaultConfigurationIsVisible = 0;
			defaultConfigurationName = Debug;
		};
		09CBB38D107292A1A17B0ED9 /* Build configuration list for PBXNativeTarget "PennyworthUITests" */ = {
			isa = XCConfigurationList;
			buildConfigurations = (
				D5B0845EB42AF95F59E33B2F /* Debug */,
				D76363D0FADCF84E7913EC18 /* Release */,
			);
			defaultConfigurationIsVisible = 0;
			defaultConfigurationName = Debug;
		};
		DA55DAFED1A0E25FF2A84B56 /* Build configuration list for PBXNativeTarget "Pennyworth" */ = {
			isa = XCConfigurationList;
			buildConfigurations = (
				96714C8101E3A87E6B7B3DBD /* Debug */,
				522F6CA4D5E71D7DEA7DC28B /* Release */,
			);
			defaultConfigurationIsVisible = 0;
			defaultConfigurationName = Debug;
		};
		EE6957B72BA958453E0F85A4 /* Build configuration list for PBXProject "Pennyworth" */ = {
			isa = XCConfigurationList;
			buildConfigurations = (
				67D82B951E5A2871DD94B43F /* Debug */,
				FF442AAD04FC063D55542B97 /* Release */,
			);
			defaultConfigurationIsVisible = 0;
			defaultConfigurationName = Debug;
		};
/* End XCConfigurationList section */

/* Begin XCRemoteSwiftPackageReference section */
		F9C0AC6F27AA8671975C4772 /* XCRemoteSwiftPackageReference "KeyboardShortcuts" */ = {
			isa = XCRemoteSwiftPackageReference;
			repositoryURL = "https://github.com/sindresorhus/KeyboardShortcuts";
			requirement = {
				kind = exactVersion;
				version = 1.10.0;
			};
		};
/* End XCRemoteSwiftPackageReference section */

/* Begin XCSwiftPackageProductDependency section */
		645521C6E9F2A451938A2A2E /* KeyboardShortcuts */ = {
			isa = XCSwiftPackageProductDependency;
			package = F9C0AC6F27AA8671975C4772 /* XCRemoteSwiftPackageReference "KeyboardShortcuts" */;
			productName = KeyboardShortcuts;
		};
/* End XCSwiftPackageProductDependency section */
	};
	rootObject = C9F8B159ECF0EFF859ABDAE1 /* Project object */;
}
